// !$*UTF8*$!
{
	archiveVersion = 1;
	classes = {
	};
	objectVersion = 50;
	objects = {

/* Begin PBXBuildFile section */
		A7FA71A021855F9E00FFE550 /* Prometo.framework in Frameworks */ = {isa = PBXBuildFile; fileRef = A7FA719621855F9E00FFE550 /* Prometo.framework */; };
		A7FA71A521855F9E00FFE550 /* PrometoTests.swift in Sources */ = {isa = PBXBuildFile; fileRef = A7FA71A421855F9E00FFE550 /* PrometoTests.swift */; };
		A7FA71A721855F9E00FFE550 /* Prometo.h in Headers */ = {isa = PBXBuildFile; fileRef = A7FA719921855F9E00FFE550 /* Prometo.h */; settings = {ATTRIBUTES = (Public, ); }; };
/* End PBXBuildFile section */

/* Begin PBXContainerItemProxy section */
		A7FA71A121855F9E00FFE550 /* PBXContainerItemProxy */ = {
			isa = PBXContainerItemProxy;
			containerPortal = A7FA718D21855F9E00FFE550 /* Project object */;
			proxyType = 1;
			remoteGlobalIDString = A7FA719521855F9E00FFE550;
			remoteInfo = Prometo;
		};
/* End PBXContainerItemProxy section */

/* Begin PBXFileReference section */
		A7FA719621855F9E00FFE550 /* Prometo.framework */ = {isa = PBXFileReference; explicitFileType = wrapper.framework; includeInIndex = 0; path = Prometo.framework; sourceTree = BUILT_PRODUCTS_DIR; };
		A7FA719921855F9E00FFE550 /* Prometo.h */ = {isa = PBXFileReference; lastKnownFileType = sourcecode.c.h; path = Prometo.h; sourceTree = "<group>"; };
		A7FA719A21855F9E00FFE550 /* Info.plist */ = {isa = PBXFileReference; lastKnownFileType = text.plist.xml; path = Info.plist; sourceTree = "<group>"; };
		A7FA719F21855F9E00FFE550 /* PrometoTests.xctest */ = {isa = PBXFileReference; explicitFileType = wrapper.cfbundle; includeInIndex = 0; path = PrometoTests.xctest; sourceTree = BUILT_PRODUCTS_DIR; };
		A7FA71A421855F9E00FFE550 /* PrometoTests.swift */ = {isa = PBXFileReference; lastKnownFileType = sourcecode.swift; path = PrometoTests.swift; sourceTree = "<group>"; };
		A7FA71A621855F9E00FFE550 /* Info.plist */ = {isa = PBXFileReference; lastKnownFileType = text.plist.xml; path = Info.plist; sourceTree = "<group>"; };
/* End PBXFileReference section */

/* Begin PBXFrameworksBuildPhase section */
		A7FA719321855F9E00FFE550 /* Frameworks */ = {
			isa = PBXFrameworksBuildPhase;
			buildActionMask = 2147483647;
			files = (
			);
			runOnlyForDeploymentPostprocessing = 0;
		};
		A7FA719C21855F9E00FFE550 /* Frameworks */ = {
			isa = PBXFrameworksBuildPhase;
			buildActionMask = 2147483647;
			files = (
				A7FA71A021855F9E00FFE550 /* Prometo.framework in Frameworks */,
			);
			runOnlyForDeploymentPostprocessing = 0;
		};
/* End PBXFrameworksBuildPhase section */

/* Begin PBXGroup section */
		A7FA718C21855F9E00FFE550 = {
			isa = PBXGroup;
			children = (
				A7FA719821855F9E00FFE550 /* Prometo */,
				A7FA71A321855F9E00FFE550 /* PrometoTests */,
				A7FA719721855F9E00FFE550 /* Products */,
			);
			sourceTree = "<group>";
		};
		A7FA719721855F9E00FFE550 /* Products */ = {
			isa = PBXGroup;
			children = (
				A7FA719621855F9E00FFE550 /* Prometo.framework */,
				A7FA719F21855F9E00FFE550 /* PrometoTests.xctest */,
			);
			name = Products;
			sourceTree = "<group>";
		};
		A7FA719821855F9E00FFE550 /* Prometo */ = {
			isa = PBXGroup;
			children = (
				A7FA719921855F9E00FFE550 /* Prometo.h */,
				A7FA719A21855F9E00FFE550 /* Info.plist */,
			);
			path = Prometo;
			sourceTree = "<group>";
		};
		A7FA71A321855F9E00FFE550 /* PrometoTests */ = {
			isa = PBXGroup;
			children = (
				A7FA71A421855F9E00FFE550 /* PrometoTests.swift */,
				A7FA71A621855F9E00FFE550 /* Info.plist */,
			);
			path = PrometoTests;
			sourceTree = "<group>";
		};
/* End PBXGroup section */

/* Begin PBXHeadersBuildPhase section */
		A7FA719121855F9E00FFE550 /* Headers */ = {
			isa = PBXHeadersBuildPhase;
			buildActionMask = 2147483647;
			files = (
				A7FA71A721855F9E00FFE550 /* Prometo.h in Headers */,
			);
			runOnlyForDeploymentPostprocessing = 0;
		};
/* End PBXHeadersBuildPhase section */

/* Begin PBXNativeTarget section */
		A7FA719521855F9E00FFE550 /* Prometo */ = {
			isa = PBXNativeTarget;
			buildConfigurationList = A7FA71AA21855F9E00FFE550 /* Build configuration list for PBXNativeTarget "Prometo" */;
			buildPhases = (
				A7FA719121855F9E00FFE550 /* Headers */,
				A7FA719221855F9E00FFE550 /* Sources */,
				A7FA719321855F9E00FFE550 /* Frameworks */,
				A7FA719421855F9E00FFE550 /* Resources */,
			);
			buildRules = (
			);
			dependencies = (
			);
			name = Prometo;
			productName = Prometo;
			productReference = A7FA719621855F9E00FFE550 /* Prometo.framework */;
			productType = "com.apple.product-type.framework";
		};
		A7FA719E21855F9E00FFE550 /* PrometoTests */ = {
			isa = PBXNativeTarget;
			buildConfigurationList = A7FA71AD21855F9E00FFE550 /* Build configuration list for PBXNativeTarget "PrometoTests" */;
			buildPhases = (
				A7FA719B21855F9E00FFE550 /* Sources */,
				A7FA719C21855F9E00FFE550 /* Frameworks */,
				A7FA719D21855F9E00FFE550 /* Resources */,
			);
			buildRules = (
			);
			dependencies = (
				A7FA71A221855F9E00FFE550 /* PBXTargetDependency */,
			);
			name = PrometoTests;
			productName = PrometoTests;
			productReference = A7FA719F21855F9E00FFE550 /* PrometoTests.xctest */;
			productType = "com.apple.product-type.bundle.unit-test";
		};
/* End PBXNativeTarget section */

/* Begin PBXProject section */
		A7FA718D21855F9E00FFE550 /* Project object */ = {
			isa = PBXProject;
			attributes = {
				LastSwiftUpdateCheck = 1000;
				LastUpgradeCheck = 1000;
				ORGANIZATIONNAME = funjahmental;
				TargetAttributes = {
					A7FA719521855F9E00FFE550 = {
						CreatedOnToolsVersion = 10.0;
					};
					A7FA719E21855F9E00FFE550 = {
						CreatedOnToolsVersion = 10.0;
					};
				};
			};
			buildConfigurationList = A7FA719021855F9E00FFE550 /* Build configuration list for PBXProject "Prometo" */;
			compatibilityVersion = "Xcode 9.3";
			developmentRegion = en;
			hasScannedForEncodings = 0;
			knownRegions = (
				en,
			);
			mainGroup = A7FA718C21855F9E00FFE550;
			productRefGroup = A7FA719721855F9E00FFE550 /* Products */;
			projectDirPath = "";
			projectRoot = "";
			targets = (
				A7FA719521855F9E00FFE550 /* Prometo */,
				A7FA719E21855F9E00FFE550 /* PrometoTests */,
			);
		};
/* End PBXProject section */

/* Begin PBXResourcesBuildPhase section */
		A7FA719421855F9E00FFE550 /* Resources */ = {
			isa = PBXResourcesBuildPhase;
			buildActionMask = 2147483647;
			files = (
			);
			runOnlyForDeploymentPostprocessing = 0;
		};
		A7FA719D21855F9E00FFE550 /* Resources */ = {
			isa = PBXResourcesBuildPhase;
			buildActionMask = 2147483647;
			files = (
			);
			runOnlyForDeploymentPostprocessing = 0;
		};
/* End PBXResourcesBuildPhase section */

/* Begin PBXSourcesBuildPhase section */
		A7FA719221855F9E00FFE550 /* Sources */ = {
			isa = PBXSourcesBuildPhase;
			buildActionMask = 2147483647;
			files = (
			);
			runOnlyForDeploymentPostprocessing = 0;
		};
		A7FA719B21855F9E00FFE550 /* Sources */ = {
			isa = PBXSourcesBuildPhase;
			buildActionMask = 2147483647;
			files = (
				A7FA71A521855F9E00FFE550 /* PrometoTests.swift in Sources */,
			);
			runOnlyForDeploymentPostprocessing = 0;
		};
/* End PBXSourcesBuildPhase section */

/* Begin PBXTargetDependency section */
		A7FA71A221855F9E00FFE550 /* PBXTargetDependency */ = {
			isa = PBXTargetDependency;
			target = A7FA719521855F9E00FFE550 /* Prometo */;
			targetProxy = A7FA71A121855F9E00FFE550 /* PBXContainerItemProxy */;
		};
/* End PBXTargetDependency section */

/* Begin XCBuildConfiguration section */
		A7FA71A821855F9E00FFE550 /* Debug */ = {
			isa = XCBuildConfiguration;
			buildSettings = {
				ALWAYS_SEARCH_USER_PATHS = NO;
				CLANG_ANALYZER_NONNULL = YES;
				CLANG_ANALYZER_NUMBER_OBJECT_CONVERSION = YES_AGGRESSIVE;
				CLANG_CXX_LANGUAGE_STANDARD = "gnu++14";
				CLANG_CXX_LIBRARY = "libc++";
				CLANG_ENABLE_MODULES = YES;
				CLANG_ENABLE_OBJC_ARC = YES;
				CLANG_ENABLE_OBJC_WEAK = YES;
				CLANG_WARN_BLOCK_CAPTURE_AUTORELEASING = YES;
				CLANG_WARN_BOOL_CONVERSION = YES;
				CLANG_WARN_COMMA = YES;
				CLANG_WARN_CONSTANT_CONVERSION = YES;
				CLANG_WARN_DEPRECATED_OBJC_IMPLEMENTATIONS = YES;
				CLANG_WARN_DIRECT_OBJC_ISA_USAGE = YES_ERROR;
				CLANG_WARN_DOCUMENTATION_COMMENTS = YES;
				CLANG_WARN_EMPTY_BODY = YES;
				CLANG_WARN_ENUM_CONVERSION = YES;
				CLANG_WARN_INFINITE_RECURSION = YES;
				CLANG_WARN_INT_CONVERSION = YES;
				CLANG_WARN_NON_LITERAL_NULL_CONVERSION = YES;
				CLANG_WARN_OBJC_IMPLICIT_RETAIN_SELF = YES;
				CLANG_WARN_OBJC_LITERAL_CONVERSION = YES;
				CLANG_WARN_OBJC_ROOT_CLASS = YES_ERROR;
				CLANG_WARN_RANGE_LOOP_ANALYSIS = YES;
				CLANG_WARN_STRICT_PROTOTYPES = YES;
				CLANG_WARN_SUSPICIOUS_MOVE = YES;
				CLANG_WARN_UNGUARDED_AVAILABILITY = YES_AGGRESSIVE;
				CLANG_WARN_UNREACHABLE_CODE = YES;
				CLANG_WARN__DUPLICATE_METHOD_MATCH = YES;
				CODE_SIGN_IDENTITY = "iPhone Developer";
				COPY_PHASE_STRIP = NO;
				CURRENT_PROJECT_VERSION = 1;
				DEBUG_INFORMATION_FORMAT = dwarf;
				ENABLE_STRICT_OBJC_MSGSEND = YES;
				ENABLE_TESTABILITY = YES;
				GCC_C_LANGUAGE_STANDARD = gnu11;
				GCC_DYNAMIC_NO_PIC = NO;
				GCC_NO_COMMON_BLOCKS = YES;
				GCC_OPTIMIZATION_LEVEL = 0;
				GCC_PREPROCESSOR_DEFINITIONS = (
					"DEBUG=1",
					"$(inherited)",
				);
				GCC_WARN_64_TO_32_BIT_CONVERSION = YES;
				GCC_WARN_ABOUT_RETURN_TYPE = YES_ERROR;
				GCC_WARN_UNDECLARED_SELECTOR = YES;
				GCC_WARN_UNINITIALIZED_AUTOS = YES_AGGRESSIVE;
				GCC_WARN_UNUSED_FUNCTION = YES;
				GCC_WARN_UNUSED_VARIABLE = YES;
				IPHONEOS_DEPLOYMENT_TARGET = 12.0;
				MTL_ENABLE_DEBUG_INFO = INCLUDE_SOURCE;
				MTL_FAST_MATH = YES;
				ONLY_ACTIVE_ARCH = YES;
				SDKROOT = iphoneos;
				SWIFT_ACTIVE_COMPILATION_CONDITIONS = DEBUG;
				SWIFT_OPTIMIZATION_LEVEL = "-Onone";
				VERSIONING_SYSTEM = "apple-generic";
				VERSION_INFO_PREFIX = "";
			};
			name = Debug;
		};
		A7FA71A921855F9E00FFE550 /* Release */ = {
			isa = XCBuildConfiguration;
			buildSettings = {
				ALWAYS_SEARCH_USER_PATHS = NO;
				CLANG_ANALYZER_NONNULL = YES;
				CLANG_ANALYZER_NUMBER_OBJECT_CONVERSION = YES_AGGRESSIVE;
				CLANG_CXX_LANGUAGE_STANDARD = "gnu++14";
				CLANG_CXX_LIBRARY = "libc++";
				CLANG_ENABLE_MODULES = YES;
				CLANG_ENABLE_OBJC_ARC = YES;
				CLANG_ENABLE_OBJC_WEAK = YES;
				CLANG_WARN_BLOCK_CAPTURE_AUTORELEASING = YES;
				CLANG_WARN_BOOL_CONVERSION = YES;
				CLANG_WARN_COMMA = YES;
				CLANG_WARN_CONSTANT_CONVERSION = YES;
				CLANG_WARN_DEPRECATED_OBJC_IMPLEMENTATIONS = YES;
				CLANG_WARN_DIRECT_OBJC_ISA_USAGE = YES_ERROR;
				CLANG_WARN_DOCUMENTATION_COMMENTS = YES;
				CLANG_WARN_EMPTY_BODY = YES;
				CLANG_WARN_ENUM_CONVERSION = YES;
				CLANG_WARN_INFINITE_RECURSION = YES;
				CLANG_WARN_INT_CONVERSION = YES;
				CLANG_WARN_NON_LITERAL_NULL_CONVERSION = YES;
				CLANG_WARN_OBJC_IMPLICIT_RETAIN_SELF = YES;
				CLANG_WARN_OBJC_LITERAL_CONVERSION = YES;
				CLANG_WARN_OBJC_ROOT_CLASS = YES_ERROR;
				CLANG_WARN_RANGE_LOOP_ANALYSIS = YES;
				CLANG_WARN_STRICT_PROTOTYPES = YES;
				CLANG_WARN_SUSPICIOUS_MOVE = YES;
				CLANG_WARN_UNGUARDED_AVAILABILITY = YES_AGGRESSIVE;
				CLANG_WARN_UNREACHABLE_CODE = YES;
				CLANG_WARN__DUPLICATE_METHOD_MATCH = YES;
				CODE_SIGN_IDENTITY = "iPhone Developer";
				COPY_PHASE_STRIP = NO;
				CURRENT_PROJECT_VERSION = 1;
				DEBUG_INFORMATION_FORMAT = "dwarf-with-dsym";
				ENABLE_NS_ASSERTIONS = NO;
				ENABLE_STRICT_OBJC_MSGSEND = YES;
				GCC_C_LANGUAGE_STANDARD = gnu11;
				GCC_NO_COMMON_BLOCKS = YES;
				GCC_WARN_64_TO_32_BIT_CONVERSION = YES;
				GCC_WARN_ABOUT_RETURN_TYPE = YES_ERROR;
				GCC_WARN_UNDECLARED_SELECTOR = YES;
				GCC_WARN_UNINITIALIZED_AUTOS = YES_AGGRESSIVE;
				GCC_WARN_UNUSED_FUNCTION = YES;
				GCC_WARN_UNUSED_VARIABLE = YES;
				IPHONEOS_DEPLOYMENT_TARGET = 12.0;
				MTL_ENABLE_DEBUG_INFO = NO;
				MTL_FAST_MATH = YES;
				SDKROOT = iphoneos;
				SWIFT_COMPILATION_MODE = wholemodule;
				SWIFT_OPTIMIZATION_LEVEL = "-O";
				VALIDATE_PRODUCT = YES;
				VERSIONING_SYSTEM = "apple-generic";
				VERSION_INFO_PREFIX = "";
			};
			name = Release;
		};
		A7FA71AB21855F9E00FFE550 /* Debug */ = {
			isa = XCBuildConfiguration;
			buildSettings = {
				CODE_SIGN_IDENTITY = "";
				CODE_SIGN_STYLE = Automatic;
				DEFINES_MODULE = YES;
				DEVELOPMENT_TEAM = 7RCMC5C22J;
				DYLIB_COMPATIBILITY_VERSION = 1;
				DYLIB_CURRENT_VERSION = 1;
				DYLIB_INSTALL_NAME_BASE = "@rpath";
				INFOPLIST_FILE = Prometo/Info.plist;
				INSTALL_PATH = "$(LOCAL_LIBRARY_DIR)/Frameworks";
				LD_RUNPATH_SEARCH_PATHS = (
					"$(inherited)",
					"@executable_path/Frameworks",
					"@loader_path/Frameworks",
				);
				PRODUCT_BUNDLE_IDENTIFIER = funjahmental.Prometo;
				PRODUCT_NAME = "$(TARGET_NAME:c99extidentifier)";
				SKIP_INSTALL = YES;
				SWIFT_VERSION = 4.2;
				TARGETED_DEVICE_FAMILY = "1,2";
			};
			name = Debug;
		};
		A7FA71AC21855F9E00FFE550 /* Release */ = {
			isa = XCBuildConfiguration;
			buildSettings = {
				CODE_SIGN_IDENTITY = "";
				CODE_SIGN_STYLE = Automatic;
				DEFINES_MODULE = YES;
				DEVELOPMENT_TEAM = 7RCMC5C22J;
				DYLIB_COMPATIBILITY_VERSION = 1;
				DYLIB_CURRENT_VERSION = 1;
				DYLIB_INSTALL_NAME_BASE = "@rpath";
				INFOPLIST_FILE = Prometo/Info.plist;
				INSTALL_PATH = "$(LOCAL_LIBRARY_DIR)/Frameworks";
				LD_RUNPATH_SEARCH_PATHS = (
					"$(inherited)",
					"@executable_path/Frameworks",
					"@loader_path/Frameworks",
				);
				PRODUCT_BUNDLE_IDENTIFIER = funjahmental.Prometo;
				PRODUCT_NAME = "$(TARGET_NAME:c99extidentifier)";
				SKIP_INSTALL = YES;
				SWIFT_VERSION = 4.2;
				TARGETED_DEVICE_FAMILY = "1,2";
			};
			name = Release;
		};
		A7FA71AE21855F9E00FFE550 /* Debug */ = {
			isa = XCBuildConfiguration;
			buildSettings = {
				CODE_SIGN_STYLE = Automatic;
				DEVELOPMENT_TEAM = 7RCMC5C22J;
				INFOPLIST_FILE = PrometoTests/Info.plist;
				LD_RUNPATH_SEARCH_PATHS = (
					"$(inherited)",
					"@executable_path/Frameworks",
					"@loader_path/Frameworks",
				);
				PRODUCT_BUNDLE_IDENTIFIER = funjahmental.PrometoTests;
				PRODUCT_NAME = "$(TARGET_NAME)";
				SWIFT_VERSION = 4.2;
				TARGETED_DEVICE_FAMILY = "1,2";
			};
			name = Debug;
		};
		A7FA71AF21855F9E00FFE550 /* Release */ = {
			isa = XCBuildConfiguration;
			buildSettings = {
				CODE_SIGN_STYLE = Automatic;
				DEVELOPMENT_TEAM = 7RCMC5C22J;
				INFOPLIST_FILE = PrometoTests/Info.plist;
				LD_RUNPATH_SEARCH_PATHS = (
					"$(inherited)",
					"@executable_path/Frameworks",
					"@loader_path/Frameworks",
				);
				PRODUCT_BUNDLE_IDENTIFIER = funjahmental.PrometoTests;
				PRODUCT_NAME = "$(TARGET_NAME)";
				SWIFT_VERSION = 4.2;
				TARGETED_DEVICE_FAMILY = "1,2";
			};
			name = Release;
		};
/* End XCBuildConfiguration section */

/* Begin XCConfigurationList section */
		A7FA719021855F9E00FFE550 /* Build configuration list for PBXProject "Prometo" */ = {
			isa = XCConfigurationList;
			buildConfigurations = (
				A7FA71A821855F9E00FFE550 /* Debug */,
				A7FA71A921855F9E00FFE550 /* Release */,
			);
			defaultConfigurationIsVisible = 0;
			defaultConfigurationName = Release;
		};
		A7FA71AA21855F9E00FFE550 /* Build configuration list for PBXNativeTarget "Prometo" */ = {
			isa = XCConfigurationList;
			buildConfigurations = (
				A7FA71AB21855F9E00FFE550 /* Debug */,
				A7FA71AC21855F9E00FFE550 /* Release */,
			);
			defaultConfigurationIsVisible = 0;
			defaultConfigurationName = Release;
		};
		A7FA71AD21855F9E00FFE550 /* Build configuration list for PBXNativeTarget "PrometoTests" */ = {
			isa = XCConfigurationList;
			buildConfigurations = (
				A7FA71AE21855F9E00FFE550 /* Debug */,
				A7FA71AF21855F9E00FFE550 /* Release */,
			);
			defaultConfigurationIsVisible = 0;
			defaultConfigurationName = Release;
		};
/* End XCConfigurationList section */
	};
	rootObject = A7FA718D21855F9E00FFE550 /* Project object */;
}
